
Microsoft Visual Studio Solution File, Format Version 12.00
# Visual Studio 15
VisualStudioVersion = 15.0.26124.0
MinimumVisualStudioVersion = 15.0.26124.0
Project("{FAE04EC0-301F-11D3-BF4B-00C04F79EFBC}") = "Nipr.Parser", "Nipr.Parser\Nipr.Parser.csproj", "{7AB439BA-1DC5-4622-92BD-2D6D05B29E60}"
EndProject
Project("{FAE04EC0-301F-11D3-BF4B-00C04F79EFBC}") = "Nipr.Parser.Test", "Nipr.Parser.Test\Nipr.Parser.Test.csproj", "{F7C7F1CE-6DF0-484A-B21C-BEA9E4F92B3E}"
EndProject
Global
	GlobalSection(SolutionConfigurationPlatforms) = preSolution
		Debug|Any CPU = Debug|Any CPU
		Debug|x64 = Debug|x64
		Debug|x86 = Debug|x86
		Release|Any CPU = Release|Any CPU
		Release|x64 = Release|x64
		Release|x86 = Release|x86
	EndGlobalSection
	GlobalSection(SolutionProperties) = preSolution
		HideSolutionNode = FALSE
	EndGlobalSection
	GlobalSection(ProjectConfigurationPlatforms) = postSolution
		{7AB439BA-1DC5-4622-92BD-2D6D05B29E60}.Debug|Any CPU.ActiveCfg = Debug|Any CPU
		{7AB439BA-1DC5-4622-92BD-2D6D05B29E60}.Debug|Any CPU.Build.0 = Debug|Any CPU
		{7AB439BA-1DC5-4622-92BD-2D6D05B29E60}.Debug|x64.ActiveCfg = Debug|Any CPU
		{7AB439BA-1DC5-4622-92BD-2D6D05B29E60}.Debug|x64.Build.0 = Debug|Any CPU
		{7AB439BA-1DC5-4622-92BD-2D6D05B29E60}.Debug|x86.ActiveCfg = Debug|Any CPU
		{7AB439BA-1DC5-4622-92BD-2D6D05B29E60}.Debug|x86.Build.0 = Debug|Any CPU
		{7AB439BA-1DC5-4622-92BD-2D6D05B29E60}.Release|Any CPU.ActiveCfg = Release|Any CPU
		{7AB439BA-1DC5-4622-92BD-2D6D05B29E60}.Release|Any CPU.Build.0 = Release|Any CPU
		{7AB439BA-1DC5-4622-92BD-2D6D05B29E60}.Release|x64.ActiveCfg = Release|Any CPU
		{7AB439BA-1DC5-4622-92BD-2D6D05B29E60}.Release|x64.Build.0 = Release|Any CPU
		{7AB439BA-1DC5-4622-92BD-2D6D05B29E60}.Release|x86.ActiveCfg = Release|Any CPU
		{7AB439BA-1DC5-4622-92BD-2D6D05B29E60}.Release|x86.Build.0 = Release|Any CPU
		{F7C7F1CE-6DF0-484A-B21C-BEA9E4F92B3E}.Debug|Any CPU.ActiveCfg = Debug|Any CPU
		{F7C7F1CE-6DF0-484A-B21C-BEA9E4F92B3E}.Debug|Any CPU.Build.0 = Debug|Any CPU
		{F7C7F1CE-6DF0-484A-B21C-BEA9E4F92B3E}.Debug|x64.ActiveCfg = Debug|Any CPU
		{F7C7F1CE-6DF0-484A-B21C-BEA9E4F92B3E}.Debug|x64.Build.0 = Debug|Any CPU
		{F7C7F1CE-6DF0-484A-B21C-BEA9E4F92B3E}.Debug|x86.ActiveCfg = Debug|Any CPU
		{F7C7F1CE-6DF0-484A-B21C-BEA9E4F92B3E}.Debug|x86.Build.0 = Debug|Any CPU
		{F7C7F1CE-6DF0-484A-B21C-BEA9E4F92B3E}.Release|Any CPU.ActiveCfg = Release|Any CPU
		{F7C7F1CE-6DF0-484A-B21C-BEA9E4F92B3E}.Release|Any CPU.Build.0 = Release|Any CPU
		{F7C7F1CE-6DF0-484A-B21C-BEA9E4F92B3E}.Release|x64.ActiveCfg = Release|Any CPU
		{F7C7F1CE-6DF0-484A-B21C-BEA9E4F92B3E}.Release|x64.Build.0 = Release|Any CPU
		{F7C7F1CE-6DF0-484A-B21C-BEA9E4F92B3E}.Release|x86.ActiveCfg = Release|Any CPU
		{F7C7F1CE-6DF0-484A-B21C-BEA9E4F92B3E}.Release|x86.Build.0 = Release|Any CPU
	EndGlobalSection
EndGlobal
